
Microsoft Visual Studio Solution File, Format Version 11.00
# Visual Studio 2010
Project("{FAE04EC0-301F-11D3-BF4B-00C04F79EFBC}") = "GroceryManagement", "GroceryManagement\GroceryManagement.csproj", "{8BB6BA80-D522-4764-B9C0-A65F898BC7BD}"
EndProject
Global
	GlobalSection(SolutionConfigurationPlatforms) = preSolution
		Debug|x86 = Debug|x86
		Release|x86 = Release|x86
	EndGlobalSection
	GlobalSection(ProjectConfigurationPlatforms) = postSolution
		{8BB6BA80-D522-4764-B9C0-A65F898BC7BD}.Debug|x86.ActiveCfg = Debug|x86
		{8BB6BA80-D522-4764-B9C0-A65F898BC7BD}.Debug|x86.Build.0 = Debug|x86
		{8BB6BA80-D522-4764-B9C0-A65F898BC7BD}.Release|x86.ActiveCfg = Release|x86
		{8BB6BA80-D522-4764-B9C0-A65F898BC7BD}.Release|x86.Build.0 = Release|x86
	EndGlobalSection
	GlobalSection(SolutionProperties) = preSolution
		HideSolutionNode = FALSE
	EndGlobalSection
EndGlobal
